
Microsoft Visual Studio Solution File, Format Version 12.00
# Visual Studio Version 17
VisualStudioVersion = 17.6.33829.357
MinimumVisualStudioVersion = 10.0.40219.1
Project("{9A19103F-16F7-4668-BE54-9A1E7A4F7556}") = "KeefeML.Driver", "KeefeML.Driver\KeefeML.Driver.csproj", "{1C818B72-4A72-466A-BAB5-2EF0BC3B5A13}"
EndProject
Global
	GlobalSection(SolutionConfigurationPlatforms) = preSolution
		Debug|Any CPU = Debug|Any CPU
		Release|Any CPU = Release|Any CPU
	EndGlobalSection
	GlobalSection(ProjectConfigurationPlatforms) = postSolution
		{1C818B72-4A72-466A-BAB5-2EF0BC3B5A13}.Debug|Any CPU.ActiveCfg = Debug|Any CPU
		{1C818B72-4A72-466A-BAB5-2EF0BC3B5A13}.Debug|Any CPU.Build.0 = Debug|Any CPU
		{1C818B72-4A72-466A-BAB5-2EF0BC3B5A13}.Release|Any CPU.ActiveCfg = Release|Any CPU
		{1C818B72-4A72-466A-BAB5-2EF0BC3B5A13}.Release|Any CPU.Build.0 = Release|Any CPU
	EndGlobalSection
	GlobalSection(SolutionProperties) = preSolution
		HideSolutionNode = FALSE
	EndGlobalSection
	GlobalSection(ExtensibilityGlobals) = postSolution
		SolutionGuid = {148D5273-096F-4020-B8F9-F042F9872855}
	EndGlobalSection
EndGlobal
